<?xml version="1.0" encoding="utf-8"?>
<Project ToolsVersion="4.0" xmlns="http://schemas.microsoft.com/developer/msbuild/2003">
  <ItemGroup>
    <Filter Include="Header Files">
      <UniqueIdentifier>{427ce95b-3908-414b-8d3b-f26a1ac4ddf9}</UniqueIdentifier>
    </Filter>
    <Filter Include="Source Files">
      <UniqueIdentifier>{de39d934-dede-440a-bfd1-081c03302602}</UniqueIdentifier>
    </Filter>
    <Filter Include="Other">
      <UniqueIdentifier>{1d2522c6-d748-4626-a645-7634dae7a8df}</UniqueIdentifier>
    </Filter>
    <Filter Include="scr">
      <UniqueIdentifier>{cef8a9e9-53b6-4280-beca-b546a098c0f8}</UniqueIdentifier>
    </Filter>
  </ItemGroup>
  <ItemGroup>
    <ClCompile Include="scr\Engine.cpp">
      <Filter>Source Files</Filter>
    </ClCompile>
    <ClCompile Include="scr\main.cpp">
      <Filter>Source Files</Filter>
    </ClCompile>
    <ClCompile Include="scr\Model.cpp">
      <Filter>Source Files</Filter>
    </ClCompile>
    <ClCompile Include="scr\DanishPublicBenefits.cpp">
      <Filter>Source Files</Filter>
    </ClCompile>
  </ItemGroup>
  <ItemGroup>
    <ClInclude Include="scr\Engine.h">
      <Filter>Header Files</Filter>
    </ClInclude>
    <ClInclude Include="scr\loadCsv.h">
      <Filter>Header Files</Filter>
    </ClInclude>
    <ClInclude Include="scr\Model.h">
      <Filter>Header Files</Filter>
    </ClInclude>
    <ClInclude Include="scr\Payoff.h">
      <Filter>Header Files</Filter>
    </ClInclude>
    <ClInclude Include="scr\DanishPublicBenefits.h">
      <Filter>Header Files</Filter>
    </ClInclude>
    <ClInclude Include="ExecutionStats.h">
      <Filter>Header Files</Filter>
    </ClInclude>
  </ItemGroup>
  <ItemGroup>
    <Image Include="docs\HEXN_ICON.ico">
      <Filter>Other</Filter>
    </Image>
  </ItemGroup>
  <ItemGroup>
    <ResourceCompile Include="ICON.rc">
      <Filter>Other</Filter>
    </ResourceCompile>
  </ItemGroup>
</Project>